// !$*UTF8*$!
{
	archiveVersion = 1;
	classes = {
	};
	objectVersion = 50;
	objects = {

/* Begin PBXBuildFile section */
		8DE7F4BB24F7F5D600569ABE /* ViewController.swift in Sources */ = {isa = PBXBuildFile; fileRef = 8DE7F4BA24F7F5D600569ABE /* ViewController.swift */; };
		8DE7F4C124F7F5D600569ABE /* SubmissionUI2.xcdatamodeld in Sources */ = {isa = PBXBuildFile; fileRef = 8DE7F4BF24F7F5D600569ABE /* SubmissionUI2.xcdatamodeld */; };
		8DE7F4C624F7F5D800569ABE /* LaunchScreen.storyboard in Resources */ = {isa = PBXBuildFile; fileRef = 8DE7F4C424F7F5D800569ABE /* LaunchScreen.storyboard */; };
		8DE7F4CF24F7F5EC00569ABE /* SceneDelegate.swift in Sources */ = {isa = PBXBuildFile; fileRef = 8DE7F4CD24F7F5EC00569ABE /* SceneDelegate.swift */; };
		8DE7F4D024F7F5EC00569ABE /* AppDelegate.swift in Sources */ = {isa = PBXBuildFile; fileRef = 8DE7F4CE24F7F5EC00569ABE /* AppDelegate.swift */; };
		8DE7F4DC24F7F60E00569ABE /* UpcomingMediaPostsCell.swift in Sources */ = {isa = PBXBuildFile; fileRef = 8DE7F4D324F7F60E00569ABE /* UpcomingMediaPostsCell.swift */; };
		8DE7F4DD24F7F60E00569ABE /* UpcomingMediaPostsCollectionViewCell.swift in Sources */ = {isa = PBXBuildFile; fileRef = 8DE7F4D424F7F60E00569ABE /* UpcomingMediaPostsCollectionViewCell.swift */; };
		8DE7F4DE24F7F60E00569ABE /* YoutubeCollectionViewCell.swift in Sources */ = {isa = PBXBuildFile; fileRef = 8DE7F4D624F7F60E00569ABE /* YoutubeCollectionViewCell.swift */; };
		8DE7F4DF24F7F60E00569ABE /* YoutubeCell.swift in Sources */ = {isa = PBXBuildFile; fileRef = 8DE7F4D724F7F60E00569ABE /* YoutubeCell.swift */; };
		8DE7F4E024F7F60E00569ABE /* InstagramCell.swift in Sources */ = {isa = PBXBuildFile; fileRef = 8DE7F4D924F7F60E00569ABE /* InstagramCell.swift */; };
		8DE7F4E124F7F60E00569ABE /* InstagramCollectionViewCell.swift in Sources */ = {isa = PBXBuildFile; fileRef = 8DE7F4DA24F7F60E00569ABE /* InstagramCollectionViewCell.swift */; };
		8DE7F4E224F7F60E00569ABE /* SocialController.swift in Sources */ = {isa = PBXBuildFile; fileRef = 8DE7F4DB24F7F60E00569ABE /* SocialController.swift */; };
		8DE7F4E424F7F61B00569ABE /* Extensions.swift in Sources */ = {isa = PBXBuildFile; fileRef = 8DE7F4E324F7F61B00569ABE /* Extensions.swift */; };
		8DE7F4E624F7F62300569ABE /* Assets.xcassets in Resources */ = {isa = PBXBuildFile; fileRef = 8DE7F4E524F7F62300569ABE /* Assets.xcassets */; };
/* End PBXBuildFile section */

/* Begin PBXFileReference section */
		8DE7F4B324F7F5D600569ABE /* SubmissionUI2.app */ = {isa = PBXFileReference; explicitFileType = wrapper.application; includeInIndex = 0; path = SubmissionUI2.app; sourceTree = BUILT_PRODUCTS_DIR; };
		8DE7F4BA24F7F5D600569ABE /* ViewController.swift */ = {isa = PBXFileReference; lastKnownFileType = sourcecode.swift; path = ViewController.swift; sourceTree = "<group>"; };
		8DE7F4C024F7F5D600569ABE /* SubmissionUI2.xcdatamodel */ = {isa = PBXFileReference; lastKnownFileType = wrapper.xcdatamodel; path = SubmissionUI2.xcdatamodel; sourceTree = "<group>"; };
		8DE7F4C524F7F5D800569ABE /* Base */ = {isa = PBXFileReference; lastKnownFileType = file.storyboard; name = Base; path = Base.lproj/LaunchScreen.storyboard; sourceTree = "<group>"; };
		8DE7F4C724F7F5D800569ABE /* Info.plist */ = {isa = PBXFileReference; lastKnownFileType = text.plist.xml; path = Info.plist; sourceTree = "<group>"; };
		8DE7F4CD24F7F5EC00569ABE /* SceneDelegate.swift */ = {isa = PBXFileReference; fileEncoding = 4; lastKnownFileType = sourcecode.swift; name = SceneDelegate.swift; path = "../../../../Downloads/TT-Social-master-2uicollectionview/uicollectionview/SceneDelegate.swift"; sourceTree = "<group>"; };
		8DE7F4CE24F7F5EC00569ABE /* AppDelegate.swift */ = {isa = PBXFileReference; fileEncoding = 4; lastKnownFileType = sourcecode.swift; name = AppDelegate.swift; path = "../../../../Downloads/TT-Social-master-2uicollectionview/uicollectionview/AppDelegate.swift"; sourceTree = "<group>"; };
		8DE7F4D324F7F60E00569ABE /* UpcomingMediaPostsCell.swift */ = {isa = PBXFileReference; fileEncoding = 4; lastKnownFileType = sourcecode.swift; path = UpcomingMediaPostsCell.swift; sourceTree = "<group>"; };
		8DE7F4D424F7F60E00569ABE /* UpcomingMediaPostsCollectionViewCell.swift */ = {isa = PBXFileReference; fileEncoding = 4; lastKnownFileType = sourcecode.swift; path = UpcomingMediaPostsCollectionViewCell.swift; sourceTree = "<group>"; };
		8DE7F4D624F7F60E00569ABE /* YoutubeCollectionViewCell.swift */ = {isa = PBXFileReference; fileEncoding = 4; lastKnownFileType = sourcecode.swift; path = YoutubeCollectionViewCell.swift; sourceTree = "<group>"; };
		8DE7F4D724F7F60E00569ABE /* YoutubeCell.swift */ = {isa = PBXFileReference; fileEncoding = 4; lastKnownFileType = sourcecode.swift; path = YoutubeCell.swift; sourceTree = "<group>"; };
		8DE7F4D924F7F60E00569ABE /* InstagramCell.swift */ = {isa = PBXFileReference; fileEncoding = 4; lastKnownFileType = sourcecode.swift; path = InstagramCell.swift; sourceTree = "<group>"; };
		8DE7F4DA24F7F60E00569ABE /* InstagramCollectionViewCell.swift */ = {isa = PBXFileReference; fileEncoding = 4; lastKnownFileType = sourcecode.swift; path = InstagramCollectionViewCell.swift; sourceTree = "<group>"; };
		8DE7F4DB24F7F60E00569ABE /* SocialController.swift */ = {isa = PBXFileReference; fileEncoding = 4; lastKnownFileType = sourcecode.swift; path = SocialController.swift; sourceTree = "<group>"; };
		8DE7F4E324F7F61B00569ABE /* Extensions.swift */ = {isa = PBXFileReference; fileEncoding = 4; lastKnownFileType = sourcecode.swift; name = Extensions.swift; path = "../../../../Downloads/TT-Social-master-2uicollectionview/uicollectionview/Extensions.swift"; sourceTree = "<group>"; };
		8DE7F4E524F7F62300569ABE /* Assets.xcassets */ = {isa = PBXFileReference; lastKnownFileType = folder.assetcatalog; name = Assets.xcassets; path = "../../../../Downloads/TT-Social-master-2uicollectionview/uicollectionview/Assets.xcassets"; sourceTree = "<group>"; };
/* End PBXFileReference section */

/* Begin PBXFrameworksBuildPhase section */
		8DE7F4B024F7F5D600569ABE /* Frameworks */ = {
			isa = PBXFrameworksBuildPhase;
			buildActionMask = 2147483647;
			files = (
			);
			runOnlyForDeploymentPostprocessing = 0;
		};
/* End PBXFrameworksBuildPhase section */

/* Begin PBXGroup section */
		8DE7F4AA24F7F5D600569ABE = {
			isa = PBXGroup;
			children = (
				8DE7F4B524F7F5D600569ABE /* SubmissionUI2 */,
				8DE7F4B424F7F5D600569ABE /* Products */,
			);
			sourceTree = "<group>";
		};
		8DE7F4B424F7F5D600569ABE /* Products */ = {
			isa = PBXGroup;
			children = (
				8DE7F4B324F7F5D600569ABE /* SubmissionUI2.app */,
			);
			name = Products;
			sourceTree = "<group>";
		};
		8DE7F4B524F7F5D600569ABE /* SubmissionUI2 */ = {
			isa = PBXGroup;
			children = (
				8DE7F4BA24F7F5D600569ABE /* ViewController.swift */,
				8DE7F4CE24F7F5EC00569ABE /* AppDelegate.swift */,
				8DE7F4CD24F7F5EC00569ABE /* SceneDelegate.swift */,
				8DE7F4C424F7F5D800569ABE /* LaunchScreen.storyboard */,
				8DE7F4C724F7F5D800569ABE /* Info.plist */,
				8DE7F4E524F7F62300569ABE /* Assets.xcassets */,
				8DE7F4BF24F7F5D600569ABE /* SubmissionUI2.xcdatamodeld */,
				8DE7F4E324F7F61B00569ABE /* Extensions.swift */,
				8DE7F4D124F7F60E00569ABE /* Social */,
			);
			path = SubmissionUI2;
			sourceTree = "<group>";
		};
		8DE7F4D124F7F60E00569ABE /* Social */ = {
			isa = PBXGroup;
			children = (
				8DE7F4D224F7F60E00569ABE /* Twitter */,
				8DE7F4D524F7F60E00569ABE /* Youtube */,
				8DE7F4D824F7F60E00569ABE /* instagram */,
				8DE7F4DB24F7F60E00569ABE /* SocialController.swift */,
			);
			name = Social;
			path = "../../../../Downloads/TT-Social-master-2uicollectionview/uicollectionview/Social";
			sourceTree = "<group>";
		};
		8DE7F4D224F7F60E00569ABE /* Twitter */ = {
			isa = PBXGroup;
			children = (
				8DE7F4D324F7F60E00569ABE /* UpcomingMediaPostsCell.swift */,
				8DE7F4D424F7F60E00569ABE /* UpcomingMediaPostsCollectionViewCell.swift */,
			);
			path = Twitter;
			sourceTree = "<group>";
		};
		8DE7F4D524F7F60E00569ABE /* Youtube */ = {
			isa = PBXGroup;
			children = (
				8DE7F4D624F7F60E00569ABE /* YoutubeCollectionViewCell.swift */,
				8DE7F4D724F7F60E00569ABE /* YoutubeCell.swift */,
			);
			path = Youtube;
			sourceTree = "<group>";
		};
		8DE7F4D824F7F60E00569ABE /* instagram */ = {
			isa = PBXGroup;
			children = (
				8DE7F4D924F7F60E00569ABE /* InstagramCell.swift */,
				8DE7F4DA24F7F60E00569ABE /* InstagramCollectionViewCell.swift */,
			);
			path = instagram;
			sourceTree = "<group>";
		};
/* End PBXGroup section */

/* Begin PBXNativeTarget section */
		8DE7F4B224F7F5D600569ABE /* SubmissionUI2 */ = {
			isa = PBXNativeTarget;
			buildConfigurationList = 8DE7F4CA24F7F5D800569ABE /* Build configuration list for PBXNativeTarget "SubmissionUI2" */;
			buildPhases = (
				8DE7F4AF24F7F5D600569ABE /* Sources */,
				8DE7F4B024F7F5D600569ABE /* Frameworks */,
				8DE7F4B124F7F5D600569ABE /* Resources */,
			);
			buildRules = (
			);
			dependencies = (
			);
			name = SubmissionUI2;
			productName = SubmissionUI2;
			productReference = 8DE7F4B324F7F5D600569ABE /* SubmissionUI2.app */;
			productType = "com.apple.product-type.application";
		};
/* End PBXNativeTarget section */

/* Begin PBXProject section */
		8DE7F4AB24F7F5D600569ABE /* Project object */ = {
			isa = PBXProject;
			attributes = {
				LastSwiftUpdateCheck = 1160;
				LastUpgradeCheck = 1160;
				ORGANIZATIONNAME = "Tushar Elangovan";
				TargetAttributes = {
					8DE7F4B224F7F5D600569ABE = {
						CreatedOnToolsVersion = 11.6;
					};
				};
			};
			buildConfigurationList = 8DE7F4AE24F7F5D600569ABE /* Build configuration list for PBXProject "SubmissionUI2" */;
			compatibilityVersion = "Xcode 9.3";
			developmentRegion = en;
			hasScannedForEncodings = 0;
			knownRegions = (
				en,
				Base,
			);
			mainGroup = 8DE7F4AA24F7F5D600569ABE;
			productRefGroup = 8DE7F4B424F7F5D600569ABE /* Products */;
			projectDirPath = "";
			projectRoot = "";
			targets = (
				8DE7F4B224F7F5D600569ABE /* SubmissionUI2 */,
			);
		};
/* End PBXProject section */

/* Begin PBXResourcesBuildPhase section */
		8DE7F4B124F7F5D600569ABE /* Resources */ = {
			isa = PBXResourcesBuildPhase;
			buildActionMask = 2147483647;
			files = (
				8DE7F4C624F7F5D800569ABE /* LaunchScreen.storyboard in Resources */,
				8DE7F4E624F7F62300569ABE /* Assets.xcassets in Resources */,
			);
			runOnlyForDeploymentPostprocessing = 0;
		};
/* End PBXResourcesBuildPhase section */

/* Begin PBXSourcesBuildPhase section */
		8DE7F4AF24F7F5D600569ABE /* Sources */ = {
			isa = PBXSourcesBuildPhase;
			buildActionMask = 2147483647;
			files = (
				8DE7F4DC24F7F60E00569ABE /* UpcomingMediaPostsCell.swift in Sources */,
				8DE7F4DF24F7F60E00569ABE /* YoutubeCell.swift in Sources */,
				8DE7F4DD24F7F60E00569ABE /* UpcomingMediaPostsCollectionViewCell.swift in Sources */,
				8DE7F4E224F7F60E00569ABE /* SocialController.swift in Sources */,
				8DE7F4E124F7F60E00569ABE /* InstagramCollectionViewCell.swift in Sources */,
				8DE7F4D024F7F5EC00569ABE /* AppDelegate.swift in Sources */,
				8DE7F4BB24F7F5D600569ABE /* ViewController.swift in Sources */,
				8DE7F4E424F7F61B00569ABE /* Extensions.swift in Sources */,
				8DE7F4E024F7F60E00569ABE /* InstagramCell.swift in Sources */,
				8DE7F4C124F7F5D600569ABE /* SubmissionUI2.xcdatamodeld in Sources */,
				8DE7F4DE24F7F60E00569ABE /* YoutubeCollectionViewCell.swift in Sources */,
				8DE7F4CF24F7F5EC00569ABE /* SceneDelegate.swift in Sources */,
			);
			runOnlyForDeploymentPostprocessing = 0;
		};
/* End PBXSourcesBuildPhase section */

/* Begin PBXVariantGroup section */
		8DE7F4C424F7F5D800569ABE /* LaunchScreen.storyboard */ = {
			isa = PBXVariantGroup;
			children = (
				8DE7F4C524F7F5D800569ABE /* Base */,
			);
			name = LaunchScreen.storyboard;
			sourceTree = "<group>";
		};
/* End PBXVariantGroup section */

/* Begin XCBuildConfiguration section */
		8DE7F4C824F7F5D800569ABE /* Debug */ = {
			isa = XCBuildConfiguration;
			buildSettings = {
				ALWAYS_SEARCH_USER_PATHS = NO;
				CLANG_ANALYZER_NONNULL = YES;
				CLANG_ANALYZER_NUMBER_OBJECT_CONVERSION = YES_AGGRESSIVE;
				CLANG_CXX_LANGUAGE_STANDARD = "gnu++14";
				CLANG_CXX_LIBRARY = "libc++";
				CLANG_ENABLE_MODULES = YES;
				CLANG_ENABLE_OBJC_ARC = YES;
				CLANG_ENABLE_OBJC_WEAK = YES;
				CLANG_WARN_BLOCK_CAPTURE_AUTORELEASING = YES;
				CLANG_WARN_BOOL_CONVERSION = YES;
				CLANG_WARN_COMMA = YES;
				CLANG_WARN_CONSTANT_CONVERSION = YES;
				CLANG_WARN_DEPRECATED_OBJC_IMPLEMENTATIONS = YES;
				CLANG_WARN_DIRECT_OBJC_ISA_USAGE = YES_ERROR;
				CLANG_WARN_DOCUMENTATION_COMMENTS = YES;
				CLANG_WARN_EMPTY_BODY = YES;
				CLANG_WARN_ENUM_CONVERSION = YES;
				CLANG_WARN_INFINITE_RECURSION = YES;
				CLANG_WARN_INT_CONVERSION = YES;
				CLANG_WARN_NON_LITERAL_NULL_CONVERSION = YES;
				CLANG_WARN_OBJC_IMPLICIT_RETAIN_SELF = YES;
				CLANG_WARN_OBJC_LITERAL_CONVERSION = YES;
				CLANG_WARN_OBJC_ROOT_CLASS = YES_ERROR;
				CLANG_WARN_RANGE_LOOP_ANALYSIS = YES;
				CLANG_WARN_STRICT_PROTOTYPES = YES;
				CLANG_WARN_SUSPICIOUS_MOVE = YES;
				CLANG_WARN_UNGUARDED_AVAILABILITY = YES_AGGRESSIVE;
				CLANG_WARN_UNREACHABLE_CODE = YES;
				CLANG_WARN__DUPLICATE_METHOD_MATCH = YES;
				COPY_PHASE_STRIP = NO;
				DEBUG_INFORMATION_FORMAT = dwarf;
				ENABLE_STRICT_OBJC_MSGSEND = YES;
				ENABLE_TESTABILITY = YES;
				GCC_C_LANGUAGE_STANDARD = gnu11;
				GCC_DYNAMIC_NO_PIC = NO;
				GCC_NO_COMMON_BLOCKS = YES;
				GCC_OPTIMIZATION_LEVEL = 0;
				GCC_PREPROCESSOR_DEFINITIONS = (
					"DEBUG=1",
					"$(inherited)",
				);
				GCC_WARN_64_TO_32_BIT_CONVERSION = YES;
				GCC_WARN_ABOUT_RETURN_TYPE = YES_ERROR;
				GCC_WARN_UNDECLARED_SELECTOR = YES;
				GCC_WARN_UNINITIALIZED_AUTOS = YES_AGGRESSIVE;
				GCC_WARN_UNUSED_FUNCTION = YES;
				GCC_WARN_UNUSED_VARIABLE = YES;
				IPHONEOS_DEPLOYMENT_TARGET = 13.6;
				MTL_ENABLE_DEBUG_INFO = INCLUDE_SOURCE;
				MTL_FAST_MATH = YES;
				ONLY_ACTIVE_ARCH = YES;
				SDKROOT = iphoneos;
				SWIFT_ACTIVE_COMPILATION_CONDITIONS = DEBUG;
				SWIFT_OPTIMIZATION_LEVEL = "-Onone";
			};
			name = Debug;
		};
		8DE7F4C924F7F5D800569ABE /* Release */ = {
			isa = XCBuildConfiguration;
			buildSettings = {
				ALWAYS_SEARCH_USER_PATHS = NO;
				CLANG_ANALYZER_NONNULL = YES;
				CLANG_ANALYZER_NUMBER_OBJECT_CONVERSION = YES_AGGRESSIVE;
				CLANG_CXX_LANGUAGE_STANDARD = "gnu++14";
				CLANG_CXX_LIBRARY = "libc++";
				CLANG_ENABLE_MODULES = YES;
				CLANG_ENABLE_OBJC_ARC = YES;
				CLANG_ENABLE_OBJC_WEAK = YES;
				CLANG_WARN_BLOCK_CAPTURE_AUTORELEASING = YES;
				CLANG_WARN_BOOL_CONVERSION = YES;
				CLANG_WARN_COMMA = YES;
				CLANG_WARN_CONSTANT_CONVERSION = YES;
				CLANG_WARN_DEPRECATED_OBJC_IMPLEMENTATIONS = YES;
				CLANG_WARN_DIRECT_OBJC_ISA_USAGE = YES_ERROR;
				CLANG_WARN_DOCUMENTATION_COMMENTS = YES;
				CLANG_WARN_EMPTY_BODY = YES;
				CLANG_WARN_ENUM_CONVERSION = YES;
				CLANG_WARN_INFINITE_RECURSION = YES;
				CLANG_WARN_INT_CONVERSION = YES;
				CLANG_WARN_NON_LITERAL_NULL_CONVERSION = YES;
				CLANG_WARN_OBJC_IMPLICIT_RETAIN_SELF = YES;
				CLANG_WARN_OBJC_LITERAL_CONVERSION = YES;
				CLANG_WARN_OBJC_ROOT_CLASS = YES_ERROR;
				CLANG_WARN_RANGE_LOOP_ANALYSIS = YES;
				CLANG_WARN_STRICT_PROTOTYPES = YES;
				CLANG_WARN_SUSPICIOUS_MOVE = YES;
				CLANG_WARN_UNGUARDED_AVAILABILITY = YES_AGGRESSIVE;
				CLANG_WARN_UNREACHABLE_CODE = YES;
				CLANG_WARN__DUPLICATE_METHOD_MATCH = YES;
				COPY_PHASE_STRIP = NO;
				DEBUG_INFORMATION_FORMAT = "dwarf-with-dsym";
				ENABLE_NS_ASSERTIONS = NO;
				ENABLE_STRICT_OBJC_MSGSEND = YES;
				GCC_C_LANGUAGE_STANDARD = gnu11;
				GCC_NO_COMMON_BLOCKS = YES;
				GCC_WARN_64_TO_32_BIT_CONVERSION = YES;
				GCC_WARN_ABOUT_RETURN_TYPE = YES_ERROR;
				GCC_WARN_UNDECLARED_SELECTOR = YES;
				GCC_WARN_UNINITIALIZED_AUTOS = YES_AGGRESSIVE;
				GCC_WARN_UNUSED_FUNCTION = YES;
				GCC_WARN_UNUSED_VARIABLE = YES;
				IPHONEOS_DEPLOYMENT_TARGET = 13.6;
				MTL_ENABLE_DEBUG_INFO = NO;
				MTL_FAST_MATH = YES;
				SDKROOT = iphoneos;
				SWIFT_COMPILATION_MODE = wholemodule;
				SWIFT_OPTIMIZATION_LEVEL = "-O";
				VALIDATE_PRODUCT = YES;
			};
			name = Release;
		};
		8DE7F4CB24F7F5D800569ABE /* Debug */ = {
			isa = XCBuildConfiguration;
			buildSettings = {
				ASSETCATALOG_COMPILER_APPICON_NAME = AppIcon;
				CODE_SIGN_STYLE = Automatic;
				DEVELOPMENT_TEAM = G879XHMX6G;
				INFOPLIST_FILE = SubmissionUI2/Info.plist;
				LD_RUNPATH_SEARCH_PATHS = (
					"$(inherited)",
					"@executable_path/Frameworks",
				);
				PRODUCT_BUNDLE_IDENTIFIER = tushar.firstapp.SubmissionUI2;
				PRODUCT_NAME = "$(TARGET_NAME)";
				SWIFT_VERSION = 5.0;
				TARGETED_DEVICE_FAMILY = "1,2";
			};
			name = Debug;
		};
		8DE7F4CC24F7F5D800569ABE /* Release */ = {
			isa = XCBuildConfiguration;
			buildSettings = {
				ASSETCATALOG_COMPILER_APPICON_NAME = AppIcon;
				CODE_SIGN_STYLE = Automatic;
				DEVELOPMENT_TEAM = G879XHMX6G;
				INFOPLIST_FILE = SubmissionUI2/Info.plist;
				LD_RUNPATH_SEARCH_PATHS = (
					"$(inherited)",
					"@executable_path/Frameworks",
				);
				PRODUCT_BUNDLE_IDENTIFIER = tushar.firstapp.SubmissionUI2;
				PRODUCT_NAME = "$(TARGET_NAME)";
				SWIFT_VERSION = 5.0;
				TARGETED_DEVICE_FAMILY = "1,2";
			};
			name = Release;
		};
/* End XCBuildConfiguration section */

/* Begin XCConfigurationList section */
		8DE7F4AE24F7F5D600569ABE /* Build configuration list for PBXProject "SubmissionUI2" */ = {
			isa = XCConfigurationList;
			buildConfigurations = (
				8DE7F4C824F7F5D800569ABE /* Debug */,
				8DE7F4C924F7F5D800569ABE /* Release */,
			);
			defaultConfigurationIsVisible = 0;
			defaultConfigurationName = Release;
		};
		8DE7F4CA24F7F5D800569ABE /* Build configuration list for PBXNativeTarget "SubmissionUI2" */ = {
			isa = XCConfigurationList;
			buildConfigurations = (
				8DE7F4CB24F7F5D800569ABE /* Debug */,
				8DE7F4CC24F7F5D800569ABE /* Release */,
			);
			defaultConfigurationIsVisible = 0;
			defaultConfigurationName = Release;
		};
/* End XCConfigurationList section */

/* Begin XCVersionGroup section */
		8DE7F4BF24F7F5D600569ABE /* SubmissionUI2.xcdatamodeld */ = {
			isa = XCVersionGroup;
			children = (
				8DE7F4C024F7F5D600569ABE /* SubmissionUI2.xcdatamodel */,
			);
			currentVersion = 8DE7F4C024F7F5D600569ABE /* SubmissionUI2.xcdatamodel */;
			path = SubmissionUI2.xcdatamodeld;
			sourceTree = "<group>";
			versionGroupType = wrapper.xcdatamodel;
		};
/* End XCVersionGroup section */
	};
	rootObject = 8DE7F4AB24F7F5D600569ABE /* Project object */;
}
